
Microsoft Visual Studio Solution File, Format Version 12.00
# Visual Studio Version 17
VisualStudioVersion = 17.5.33424.131
MinimumVisualStudioVersion = 10.0.40219.1
Project("{9A19103F-16F7-4668-BE54-9A1E7A4F7556}") = "SwiftHelperBackend", "SwiftHelperBackend\SwiftHelperBackend.csproj", "{D13B7581-1917-4A82-8503-8EE55355F636}"
EndProject
Project("{FAE04EC0-301F-11D3-BF4B-00C04F79EFBC}") = "SwiftHelperBackend.DAL", "SwiftHelperBackend.DAL\SwiftHelperBackend.DAL.csproj", "{289006AD-A7D5-4E18-AE20-2FF7008D32CA}"
EndProject
Project("{2150E333-8FDC-42A3-9474-1A3956D46DE8}") = "Solution Items", "Solution Items", "{207E6A33-769A-4864-B371-D3140ED58634}"
	ProjectSection(SolutionItems) = preProject
		Dockerfile = Dockerfile
		.dockerignore = .dockerignore
		docker-compose.yml = docker-compose.yml
	EndProjectSection
EndProject
Global
	GlobalSection(SolutionConfigurationPlatforms) = preSolution
		Debug|Any CPU = Debug|Any CPU
		Release|Any CPU = Release|Any CPU
	EndGlobalSection
	GlobalSection(ProjectConfigurationPlatforms) = postSolution
		{D13B7581-1917-4A82-8503-8EE55355F636}.Debug|Any CPU.ActiveCfg = Debug|Any CPU
		{D13B7581-1917-4A82-8503-8EE55355F636}.Debug|Any CPU.Build.0 = Debug|Any CPU
		{D13B7581-1917-4A82-8503-8EE55355F636}.Release|Any CPU.ActiveCfg = Release|Any CPU
		{D13B7581-1917-4A82-8503-8EE55355F636}.Release|Any CPU.Build.0 = Release|Any CPU
		{289006AD-A7D5-4E18-AE20-2FF7008D32CA}.Debug|Any CPU.ActiveCfg = Debug|Any CPU
		{289006AD-A7D5-4E18-AE20-2FF7008D32CA}.Debug|Any CPU.Build.0 = Debug|Any CPU
		{289006AD-A7D5-4E18-AE20-2FF7008D32CA}.Release|Any CPU.ActiveCfg = Release|Any CPU
		{289006AD-A7D5-4E18-AE20-2FF7008D32CA}.Release|Any CPU.Build.0 = Release|Any CPU
	EndGlobalSection
	GlobalSection(SolutionProperties) = preSolution
		HideSolutionNode = FALSE
	EndGlobalSection
	GlobalSection(ExtensibilityGlobals) = postSolution
		SolutionGuid = {37357A42-A42F-4EC8-BBD4-7FEA29D8D746}
	EndGlobalSection
EndGlobal
